
Microsoft Visual Studio Solution File, Format Version 12.00
# Visual Studio Version 17
VisualStudioVersion = 17.1.32319.34
MinimumVisualStudioVersion = 10.0.40219.1
Project("{9A19103F-16F7-4668-BE54-9A1E7A4F7556}") = "MyDroidFactory.Business", "MyDroidFactory.Business\MyDroidFactory.Business.csproj", "{61B386A6-3C59-4902-9320-4E05CFF2644D}"
EndProject
Project("{9A19103F-16F7-4668-BE54-9A1E7A4F7556}") = "MyDroidFactory.Data", "MyDroidFactory.Data\MyDroidFactory.Data.csproj", "{53BCD061-1AF5-449C-A16E-306F4C5893D7}"
EndProject
Project("{9A19103F-16F7-4668-BE54-9A1E7A4F7556}") = "MyDroidFactory.UI", "MyDroidFactory.UI\MyDroidFactory.UI.csproj", "{A5A5DB7F-3E2B-4D53-BCFB-E52734AB6D89}"
EndProject
Project("{2150E333-8FDC-42A3-9474-1A3956D46DE8}") = "Solution Items", "Solution Items", "{D5712B3A-4E60-42DD-BDDC-0AE23C4990B3}"
EndProject
Global
	GlobalSection(SolutionConfigurationPlatforms) = preSolution
		Debug|Any CPU = Debug|Any CPU
		Release|Any CPU = Release|Any CPU
	EndGlobalSection
	GlobalSection(ProjectConfigurationPlatforms) = postSolution
		{61B386A6-3C59-4902-9320-4E05CFF2644D}.Debug|Any CPU.ActiveCfg = Debug|Any CPU
		{61B386A6-3C59-4902-9320-4E05CFF2644D}.Debug|Any CPU.Build.0 = Debug|Any CPU
		{61B386A6-3C59-4902-9320-4E05CFF2644D}.Release|Any CPU.ActiveCfg = Release|Any CPU
		{61B386A6-3C59-4902-9320-4E05CFF2644D}.Release|Any CPU.Build.0 = Release|Any CPU
		{53BCD061-1AF5-449C-A16E-306F4C5893D7}.Debug|Any CPU.ActiveCfg = Debug|Any CPU
		{53BCD061-1AF5-449C-A16E-306F4C5893D7}.Debug|Any CPU.Build.0 = Debug|Any CPU
		{53BCD061-1AF5-449C-A16E-306F4C5893D7}.Release|Any CPU.ActiveCfg = Release|Any CPU
		{53BCD061-1AF5-449C-A16E-306F4C5893D7}.Release|Any CPU.Build.0 = Release|Any CPU
		{A5A5DB7F-3E2B-4D53-BCFB-E52734AB6D89}.Debug|Any CPU.ActiveCfg = Debug|Any CPU
		{A5A5DB7F-3E2B-4D53-BCFB-E52734AB6D89}.Debug|Any CPU.Build.0 = Debug|Any CPU
		{A5A5DB7F-3E2B-4D53-BCFB-E52734AB6D89}.Release|Any CPU.ActiveCfg = Release|Any CPU
		{A5A5DB7F-3E2B-4D53-BCFB-E52734AB6D89}.Release|Any CPU.Build.0 = Release|Any CPU
	EndGlobalSection
	GlobalSection(SolutionProperties) = preSolution
		HideSolutionNode = FALSE
	EndGlobalSection
	GlobalSection(ExtensibilityGlobals) = postSolution
		SolutionGuid = {C4914847-36C8-4CA3-B378-E996E419A21A}
	EndGlobalSection
EndGlobal
